# THIS IS AN AUTOGENERATED FILE. DO NOT EDIT THIS FILE DIRECTLY.
# yarn lockfile v1


load-styles@^2.0.0:
  version "2.0.0"
  resolved "https://registry.yarnpkg.com/load-styles/-/load-styles-2.0.0.tgz#a0901c8f80ef0c869454eb580b4efc2f0be48471"
  integrity sha1-oJAcj4DvDIaUVOtYC078LwvkhHE=

react-easy-print@^0.6.0:
  version "0.6.0"
  resolved "https://registry.yarnpkg.com/react-easy-print/-/react-easy-print-0.6.0.tgz#62209c72df4f0c16d9144fc2187b22d7df35844e"
  integrity sha512-WJnNQCcFYyEMWl0ORfwEHq0Szu8c6TN9jPuxfevwhE4JOFozdi4gK4MN612a2k6jwS4bZOj847xOEyN+FW7oJQ==
  dependencies:
    load-styles "^2.0.0"
